# This file is autogenerated, do not edit; changes may be undone by the next 'dep ensure'.


[[projects]]
  branch = "master"
  digest = "1:2e7384ccb5b31e5b0baec252e9e7f63eb3d4841bb869edfdd935a74bc2a62b62"
  name = "github.com/freerware/work"
  packages = ["."]
  pruneopts = "UT"
  revision = "9ada2a8cb9d81fe3fb58c8162fa96c738a3f772b"

[[projects]]
  digest = "1:ff6b126259880858441d0a43e63c3f2f9071601415e1f34a7f053f90cbef8464"
  name = "go.uber.org/atomic"
  packages = ["."]
  pruneopts = "UT"
  revision = "3b8db5e93c4c02efbc313e17b2e796b0914a01fb"
  version = "v1.1.0"

[[projects]]
  digest = "1:2773e4e922e5af534775962ffef08770b8114e177590f7605886528d37417105"
  name = "go.uber.org/dig"
  packages = [
    ".",
    "internal/digreflect",
    "internal/dot",
  ]
  pruneopts = "UT"
  revision = "7ff117f761a3f1b3eb521945c17a1091438eb6de"
  version = "v1.7.0"

[[projects]]
  digest = "1:74e59bc785a76b467b9a5c0353193e8befa0c27863413e5fc52e87cf3d24fa4e"
  name = "go.uber.org/fx"
  packages = [
    ".",
    "internal/fxlog",
    "internal/fxreflect",
    "internal/lifecycle",
  ]
  pruneopts = "UT"
  revision = "3de044da969b90ad0a3e4a7867a74662f645f3f9"
  version = "v1.9.0"

[[projects]]
  digest = "1:60bf2a5e347af463c42ed31a493d817f8a72f102543060ed992754e689805d1a"
  name = "go.uber.org/multierr"
  packages = ["."]
  pruneopts = "UT"
  revision = "3c4937480c32f4c13a875a1829af76c98ca3d40a"
  version = "v1.1.0"

[[projects]]
  digest = "1:676160e6a4722b08e0e26b11521d575c2cb2b6f0c679e1ee6178c5d8dee51e5e"
  name = "go.uber.org/zap"
  packages = [
    ".",
    "buffer",
    "internal/bufferpool",
    "internal/color",
    "internal/exit",
    "zapcore",
  ]
  pruneopts = "UT"
  revision = "27376062155ad36be76b0f12cf1572a221d3a48c"
  version = "v1.10.0"

[solve-meta]
  analyzer-name = "dep"
  analyzer-version = 1
  input-imports = [
    "github.com/freerware/work",
    "go.uber.org/fx",
    "go.uber.org/zap",
  ]
  solver-name = "gps-cdcl"
  solver-version = 1
